// !$*UTF8*$!
{
	archiveVersion = 1;
	classes = {
	};
	objectVersion = 46;
	objects = {

/* Begin PBXBuildFile section */
		5CCC0CA31D65EF36007D2903 /* AppDelegate.swift in Sources */ = {isa = PBXBuildFile; fileRef = 5CCC0CA21D65EF36007D2903 /* AppDelegate.swift */; };
		5CCC0CA51D65EF36007D2903 /* ViewController.swift in Sources */ = {isa = PBXBuildFile; fileRef = 5CCC0CA41D65EF36007D2903 /* ViewController.swift */; };
		5CCC0CA81D65EF36007D2903 /* Main.storyboard in Resources */ = {isa = PBXBuildFile; fileRef = 5CCC0CA61D65EF36007D2903 /* Main.storyboard */; };
		5CCC0CAB1D65EF36007D2903 /* example_55.xcdatamodeld in Sources */ = {isa = PBXBuildFile; fileRef = 5CCC0CA91D65EF36007D2903 /* example_55.xcdatamodeld */; };
		5CCC0CAD1D65EF36007D2903 /* Assets.xcassets in Resources */ = {isa = PBXBuildFile; fileRef = 5CCC0CAC1D65EF36007D2903 /* Assets.xcassets */; };
		5CCC0CB01D65EF36007D2903 /* LaunchScreen.storyboard in Resources */ = {isa = PBXBuildFile; fileRef = 5CCC0CAE1D65EF36007D2903 /* LaunchScreen.storyboard */; };
		5CCC0CB81D65F086007D2903 /* smiley.png in Resources */ = {isa = PBXBuildFile; fileRef = 5CCC0CB71D65F086007D2903 /* smiley.png */; };
/* End PBXBuildFile section */

/* Begin PBXFileReference section */
		5CCC0C9F1D65EF36007D2903 /* example_55.app */ = {isa = PBXFileReference; explicitFileType = wrapper.application; includeInIndex = 0; path = example_55.app; sourceTree = BUILT_PRODUCTS_DIR; };
		5CCC0CA21D65EF36007D2903 /* AppDelegate.swift */ = {isa = PBXFileReference; lastKnownFileType = sourcecode.swift; path = AppDelegate.swift; sourceTree = "<group>"; };
		5CCC0CA41D65EF36007D2903 /* ViewController.swift */ = {isa = PBXFileReference; lastKnownFileType = sourcecode.swift; path = ViewController.swift; sourceTree = "<group>"; };
		5CCC0CA71D65EF36007D2903 /* Base */ = {isa = PBXFileReference; lastKnownFileType = file.storyboard; name = Base; path = Base.lproj/Main.storyboard; sourceTree = "<group>"; };
		5CCC0CAA1D65EF36007D2903 /* example_55.xcdatamodel */ = {isa = PBXFileReference; lastKnownFileType = wrapper.xcdatamodel; path = example_55.xcdatamodel; sourceTree = "<group>"; };
		5CCC0CAC1D65EF36007D2903 /* Assets.xcassets */ = {isa = PBXFileReference; lastKnownFileType = folder.assetcatalog; path = Assets.xcassets; sourceTree = "<group>"; };
		5CCC0CAF1D65EF36007D2903 /* Base */ = {isa = PBXFileReference; lastKnownFileType = file.storyboard; name = Base; path = Base.lproj/LaunchScreen.storyboard; sourceTree = "<group>"; };
		5CCC0CB11D65EF36007D2903 /* Info.plist */ = {isa = PBXFileReference; lastKnownFileType = text.plist.xml; path = Info.plist; sourceTree = "<group>"; };
		5CCC0CB71D65F086007D2903 /* smiley.png */ = {isa = PBXFileReference; lastKnownFileType = image.png; path = smiley.png; sourceTree = "<group>"; };
/* End PBXFileReference section */

/* Begin PBXFrameworksBuildPhase section */
		5CCC0C9C1D65EF36007D2903 /* Frameworks */ = {
			isa = PBXFrameworksBuildPhase;
			buildActionMask = 2147483647;
			files = (
			);
			runOnlyForDeploymentPostprocessing = 0;
		};
/* End PBXFrameworksBuildPhase section */

/* Begin PBXGroup section */
		5CCC0C961D65EF36007D2903 = {
			isa = PBXGroup;
			children = (
				5CCC0CA11D65EF36007D2903 /* example_55 */,
				5CCC0CA01D65EF36007D2903 /* Products */,
			);
			sourceTree = "<group>";
		};
		5CCC0CA01D65EF36007D2903 /* Products */ = {
			isa = PBXGroup;
			children = (
				5CCC0C9F1D65EF36007D2903 /* example_55.app */,
			);
			name = Products;
			sourceTree = "<group>";
		};
		5CCC0CA11D65EF36007D2903 /* example_55 */ = {
			isa = PBXGroup;
			children = (
				5CCC0CB71D65F086007D2903 /* smiley.png */,
				5CCC0CA21D65EF36007D2903 /* AppDelegate.swift */,
				5CCC0CA41D65EF36007D2903 /* ViewController.swift */,
				5CCC0CA61D65EF36007D2903 /* Main.storyboard */,
				5CCC0CAC1D65EF36007D2903 /* Assets.xcassets */,
				5CCC0CAE1D65EF36007D2903 /* LaunchScreen.storyboard */,
				5CCC0CB11D65EF36007D2903 /* Info.plist */,
				5CCC0CA91D65EF36007D2903 /* example_55.xcdatamodeld */,
			);
			path = example_55;
			sourceTree = "<group>";
		};
/* End PBXGroup section */

/* Begin PBXNativeTarget section */
		5CCC0C9E1D65EF36007D2903 /* example_55 */ = {
			isa = PBXNativeTarget;
			buildConfigurationList = 5CCC0CB41D65EF36007D2903 /* Build configuration list for PBXNativeTarget "example_55" */;
			buildPhases = (
				5CCC0C9B1D65EF36007D2903 /* Sources */,
				5CCC0C9C1D65EF36007D2903 /* Frameworks */,
				5CCC0C9D1D65EF36007D2903 /* Resources */,
			);
			buildRules = (
			);
			dependencies = (
			);
			name = example_55;
			productName = example_55;
			productReference = 5CCC0C9F1D65EF36007D2903 /* example_55.app */;
			productType = "com.apple.product-type.application";
		};
/* End PBXNativeTarget section */

/* Begin PBXProject section */
		5CCC0C971D65EF36007D2903 /* Project object */ = {
			isa = PBXProject;
			attributes = {
				LastSwiftUpdateCheck = 0730;
				LastUpgradeCheck = 0730;
				ORGANIZATIONNAME = "Artem Cherkasov";
				TargetAttributes = {
					5CCC0C9E1D65EF36007D2903 = {
						CreatedOnToolsVersion = 7.3.1;
						DevelopmentTeam = CF454493UR;
					};
				};
			};
			buildConfigurationList = 5CCC0C9A1D65EF36007D2903 /* Build configuration list for PBXProject "example_55" */;
			compatibilityVersion = "Xcode 3.2";
			developmentRegion = English;
			hasScannedForEncodings = 0;
			knownRegions = (
				en,
				Base,
			);
			mainGroup = 5CCC0C961D65EF36007D2903;
			productRefGroup = 5CCC0CA01D65EF36007D2903 /* Products */;
			projectDirPath = "";
			projectRoot = "";
			targets = (
				5CCC0C9E1D65EF36007D2903 /* example_55 */,
			);
		};
/* End PBXProject section */

/* Begin PBXResourcesBuildPhase section */
		5CCC0C9D1D65EF36007D2903 /* Resources */ = {
			isa = PBXResourcesBuildPhase;
			buildActionMask = 2147483647;
			files = (
				5CCC0CB81D65F086007D2903 /* smiley.png in Resources */,
				5CCC0CB01D65EF36007D2903 /* LaunchScreen.storyboard in Resources */,
				5CCC0CAD1D65EF36007D2903 /* Assets.xcassets in Resources */,
				5CCC0CA81D65EF36007D2903 /* Main.storyboard in Resources */,
			);
			runOnlyForDeploymentPostprocessing = 0;
		};
/* End PBXResourcesBuildPhase section */

/* Begin PBXSourcesBuildPhase section */
		5CCC0C9B1D65EF36007D2903 /* Sources */ = {
			isa = PBXSourcesBuildPhase;
			buildActionMask = 2147483647;
			files = (
				5CCC0CAB1D65EF36007D2903 /* example_55.xcdatamodeld in Sources */,
				5CCC0CA51D65EF36007D2903 /* ViewController.swift in Sources */,
				5CCC0CA31D65EF36007D2903 /* AppDelegate.swift in Sources */,
			);
			runOnlyForDeploymentPostprocessing = 0;
		};
/* End PBXSourcesBuildPhase section */

/* Begin PBXVariantGroup section */
		5CCC0CA61D65EF36007D2903 /* Main.storyboard */ = {
			isa = PBXVariantGroup;
			children = (
				5CCC0CA71D65EF36007D2903 /* Base */,
			);
			name = Main.storyboard;
			sourceTree = "<group>";
		};
		5CCC0CAE1D65EF36007D2903 /* LaunchScreen.storyboard */ = {
			isa = PBXVariantGroup;
			children = (
				5CCC0CAF1D65EF36007D2903 /* Base */,
			);
			name = LaunchScreen.storyboard;
			sourceTree = "<group>";
		};
/* End PBXVariantGroup section */

/* Begin XCBuildConfiguration section */
		5CCC0CB21D65EF36007D2903 /* Debug */ = {
			isa = XCBuildConfiguration;
			buildSettings = {
				ALWAYS_SEARCH_USER_PATHS = NO;
				CLANG_ANALYZER_NONNULL = YES;
				CLANG_CXX_LANGUAGE_STANDARD = "gnu++0x";
				CLANG_CXX_LIBRARY = "libc++";
				CLANG_ENABLE_MODULES = YES;
				CLANG_ENABLE_OBJC_ARC = YES;
				CLANG_WARN_BOOL_CONVERSION = YES;
				CLANG_WARN_CONSTANT_CONVERSION = YES;
				CLANG_WARN_DIRECT_OBJC_ISA_USAGE = YES_ERROR;
				CLANG_WARN_EMPTY_BODY = YES;
				CLANG_WARN_ENUM_CONVERSION = YES;
				CLANG_WARN_INT_CONVERSION = YES;
				CLANG_WARN_OBJC_ROOT_CLASS = YES_ERROR;
				CLANG_WARN_UNREACHABLE_CODE = YES;
				CLANG_WARN__DUPLICATE_METHOD_MATCH = YES;
				"CODE_SIGN_IDENTITY[sdk=iphoneos*]" = "iPhone Developer";
				COPY_PHASE_STRIP = NO;
				DEBUG_INFORMATION_FORMAT = dwarf;
				ENABLE_STRICT_OBJC_MSGSEND = YES;
				ENABLE_TESTABILITY = YES;
				GCC_C_LANGUAGE_STANDARD = gnu99;
				GCC_DYNAMIC_NO_PIC = NO;
				GCC_NO_COMMON_BLOCKS = YES;
				GCC_OPTIMIZATION_LEVEL = 0;
				GCC_PREPROCESSOR_DEFINITIONS = (
					"DEBUG=1",
					"$(inherited)",
				);
				GCC_WARN_64_TO_32_BIT_CONVERSION = YES;
				GCC_WARN_ABOUT_RETURN_TYPE = YES_ERROR;
				GCC_WARN_UNDECLARED_SELECTOR = YES;
				GCC_WARN_UNINITIALIZED_AUTOS = YES_AGGRESSIVE;
				GCC_WARN_UNUSED_FUNCTION = YES;
				GCC_WARN_UNUSED_VARIABLE = YES;
				IPHONEOS_DEPLOYMENT_TARGET = 9.3;
				MTL_ENABLE_DEBUG_INFO = YES;
				ONLY_ACTIVE_ARCH = YES;
				SDKROOT = iphoneos;
				SWIFT_OPTIMIZATION_LEVEL = "-Onone";
				TARGETED_DEVICE_FAMILY = "1,2";
			};
			name = Debug;
		};
		5CCC0CB31D65EF36007D2903 /* Release */ = {
			isa = XCBuildConfiguration;
			buildSettings = {
				ALWAYS_SEARCH_USER_PATHS = NO;
				CLANG_ANALYZER_NONNULL = YES;
				CLANG_CXX_LANGUAGE_STANDARD = "gnu++0x";
				CLANG_CXX_LIBRARY = "libc++";
				CLANG_ENABLE_MODULES = YES;
				CLANG_ENABLE_OBJC_ARC = YES;
				CLANG_WARN_BOOL_CONVERSION = YES;
				CLANG_WARN_CONSTANT_CONVERSION = YES;
				CLANG_WARN_DIRECT_OBJC_ISA_USAGE = YES_ERROR;
				CLANG_WARN_EMPTY_BODY = YES;
				CLANG_WARN_ENUM_CONVERSION = YES;
				CLANG_WARN_INT_CONVERSION = YES;
				CLANG_WARN_OBJC_ROOT_CLASS = YES_ERROR;
				CLANG_WARN_UNREACHABLE_CODE = YES;
				CLANG_WARN__DUPLICATE_METHOD_MATCH = YES;
				"CODE_SIGN_IDENTITY[sdk=iphoneos*]" = "iPhone Developer";
				COPY_PHASE_STRIP = NO;
				DEBUG_INFORMATION_FORMAT = "dwarf-with-dsym";
				ENABLE_NS_ASSERTIONS = NO;
				ENABLE_STRICT_OBJC_MSGSEND = YES;
				GCC_C_LANGUAGE_STANDARD = gnu99;
				GCC_NO_COMMON_BLOCKS = YES;
				GCC_WARN_64_TO_32_BIT_CONVERSION = YES;
				GCC_WARN_ABOUT_RETURN_TYPE = YES_ERROR;
				GCC_WARN_UNDECLARED_SELECTOR = YES;
				GCC_WARN_UNINITIALIZED_AUTOS = YES_AGGRESSIVE;
				GCC_WARN_UNUSED_FUNCTION = YES;
				GCC_WARN_UNUSED_VARIABLE = YES;
				IPHONEOS_DEPLOYMENT_TARGET = 9.3;
				MTL_ENABLE_DEBUG_INFO = NO;
				SDKROOT = iphoneos;
				TARGETED_DEVICE_FAMILY = "1,2";
				VALIDATE_PRODUCT = YES;
			};
			name = Release;
		};
		5CCC0CB51D65EF36007D2903 /* Debug */ = {
			isa = XCBuildConfiguration;
			buildSettings = {
				ASSETCATALOG_COMPILER_APPICON_NAME = AppIcon;
				CODE_SIGN_IDENTITY = "iPhone Developer";
				"CODE_SIGN_IDENTITY[sdk=iphoneos*]" = "iPhone Developer";
				INFOPLIST_FILE = example_55/Info.plist;
				LD_RUNPATH_SEARCH_PATHS = "$(inherited) @executable_path/Frameworks";
				PRODUCT_BUNDLE_IDENTIFIER = "mobi.gspd.example-55";
				PRODUCT_NAME = "$(TARGET_NAME)";
				PROVISIONING_PROFILE = "";
			};
			name = Debug;
		};
		5CCC0CB61D65EF36007D2903 /* Release */ = {
			isa = XCBuildConfiguration;
			buildSettings = {
				ASSETCATALOG_COMPILER_APPICON_NAME = AppIcon;
				CODE_SIGN_IDENTITY = "iPhone Developer";
				"CODE_SIGN_IDENTITY[sdk=iphoneos*]" = "iPhone Developer";
				INFOPLIST_FILE = example_55/Info.plist;
				LD_RUNPATH_SEARCH_PATHS = "$(inherited) @executable_path/Frameworks";
				PRODUCT_BUNDLE_IDENTIFIER = "mobi.gspd.example-55";
				PRODUCT_NAME = "$(TARGET_NAME)";
				PROVISIONING_PROFILE = "";
			};
			name = Release;
		};
/* End XCBuildConfiguration section */

/* Begin XCConfigurationList section */
		5CCC0C9A1D65EF36007D2903 /* Build configuration list for PBXProject "example_55" */ = {
			isa = XCConfigurationList;
			buildConfigurations = (
				5CCC0CB21D65EF36007D2903 /* Debug */,
				5CCC0CB31D65EF36007D2903 /* Release */,
			);
			defaultConfigurationIsVisible = 0;
			defaultConfigurationName = Release;
		};
		5CCC0CB41D65EF36007D2903 /* Build configuration list for PBXNativeTarget "example_55" */ = {
			isa = XCConfigurationList;
			buildConfigurations = (
				5CCC0CB51D65EF36007D2903 /* Debug */,
				5CCC0CB61D65EF36007D2903 /* Release */,
			);
			defaultConfigurationIsVisible = 0;
		};
/* End XCConfigurationList section */

/* Begin XCVersionGroup section */
		5CCC0CA91D65EF36007D2903 /* example_55.xcdatamodeld */ = {
			isa = XCVersionGroup;
			children = (
				5CCC0CAA1D65EF36007D2903 /* example_55.xcdatamodel */,
			);
			currentVersion = 5CCC0CAA1D65EF36007D2903 /* example_55.xcdatamodel */;
			path = example_55.xcdatamodeld;
			sourceTree = "<group>";
			versionGroupType = wrapper.xcdatamodel;
		};
/* End XCVersionGroup section */
	};
	rootObject = 5CCC0C971D65EF36007D2903 /* Project object */;
}
