// !$*UTF8*$!
{
	archiveVersion = 1;
	classes = {
	};
	objectVersion = 46;
	objects = {

/* Begin PBXBuildFile section */
		5CF85A191D5CEA89002B741A /* AppDelegate.swift in Sources */ = {isa = PBXBuildFile; fileRef = 5CF85A181D5CEA89002B741A /* AppDelegate.swift */; };
		5CF85A1B1D5CEA89002B741A /* ViewController.swift in Sources */ = {isa = PBXBuildFile; fileRef = 5CF85A1A1D5CEA89002B741A /* ViewController.swift */; };
		5CF85A1E1D5CEA89002B741A /* Main.storyboard in Resources */ = {isa = PBXBuildFile; fileRef = 5CF85A1C1D5CEA89002B741A /* Main.storyboard */; };
		5CF85A211D5CEA89002B741A /* examples_21.xcdatamodeld in Sources */ = {isa = PBXBuildFile; fileRef = 5CF85A1F1D5CEA89002B741A /* examples_21.xcdatamodeld */; };
		5CF85A231D5CEA89002B741A /* Assets.xcassets in Resources */ = {isa = PBXBuildFile; fileRef = 5CF85A221D5CEA89002B741A /* Assets.xcassets */; };
		5CF85A261D5CEA89002B741A /* LaunchScreen.storyboard in Resources */ = {isa = PBXBuildFile; fileRef = 5CF85A241D5CEA89002B741A /* LaunchScreen.storyboard */; };
/* End PBXBuildFile section */

/* Begin PBXFileReference section */
		5CF85A151D5CEA89002B741A /* examples_21.app */ = {isa = PBXFileReference; explicitFileType = wrapper.application; includeInIndex = 0; path = examples_21.app; sourceTree = BUILT_PRODUCTS_DIR; };
		5CF85A181D5CEA89002B741A /* AppDelegate.swift */ = {isa = PBXFileReference; lastKnownFileType = sourcecode.swift; path = AppDelegate.swift; sourceTree = "<group>"; };
		5CF85A1A1D5CEA89002B741A /* ViewController.swift */ = {isa = PBXFileReference; lastKnownFileType = sourcecode.swift; path = ViewController.swift; sourceTree = "<group>"; };
		5CF85A1D1D5CEA89002B741A /* Base */ = {isa = PBXFileReference; lastKnownFileType = file.storyboard; name = Base; path = Base.lproj/Main.storyboard; sourceTree = "<group>"; };
		5CF85A201D5CEA89002B741A /* examples_21.xcdatamodel */ = {isa = PBXFileReference; lastKnownFileType = wrapper.xcdatamodel; path = examples_21.xcdatamodel; sourceTree = "<group>"; };
		5CF85A221D5CEA89002B741A /* Assets.xcassets */ = {isa = PBXFileReference; lastKnownFileType = folder.assetcatalog; path = Assets.xcassets; sourceTree = "<group>"; };
		5CF85A251D5CEA89002B741A /* Base */ = {isa = PBXFileReference; lastKnownFileType = file.storyboard; name = Base; path = Base.lproj/LaunchScreen.storyboard; sourceTree = "<group>"; };
		5CF85A271D5CEA89002B741A /* Info.plist */ = {isa = PBXFileReference; lastKnownFileType = text.plist.xml; path = Info.plist; sourceTree = "<group>"; };
/* End PBXFileReference section */

/* Begin PBXFrameworksBuildPhase section */
		5CF85A121D5CEA89002B741A /* Frameworks */ = {
			isa = PBXFrameworksBuildPhase;
			buildActionMask = 2147483647;
			files = (
			);
			runOnlyForDeploymentPostprocessing = 0;
		};
/* End PBXFrameworksBuildPhase section */

/* Begin PBXGroup section */
		5CF85A0C1D5CEA89002B741A = {
			isa = PBXGroup;
			children = (
				5CF85A171D5CEA89002B741A /* examples_21 */,
				5CF85A161D5CEA89002B741A /* Products */,
			);
			sourceTree = "<group>";
		};
		5CF85A161D5CEA89002B741A /* Products */ = {
			isa = PBXGroup;
			children = (
				5CF85A151D5CEA89002B741A /* examples_21.app */,
			);
			name = Products;
			sourceTree = "<group>";
		};
		5CF85A171D5CEA89002B741A /* examples_21 */ = {
			isa = PBXGroup;
			children = (
				5CF85A181D5CEA89002B741A /* AppDelegate.swift */,
				5CF85A1A1D5CEA89002B741A /* ViewController.swift */,
				5CF85A1C1D5CEA89002B741A /* Main.storyboard */,
				5CF85A221D5CEA89002B741A /* Assets.xcassets */,
				5CF85A241D5CEA89002B741A /* LaunchScreen.storyboard */,
				5CF85A271D5CEA89002B741A /* Info.plist */,
				5CF85A1F1D5CEA89002B741A /* examples_21.xcdatamodeld */,
			);
			path = examples_21;
			sourceTree = "<group>";
		};
/* End PBXGroup section */

/* Begin PBXNativeTarget section */
		5CF85A141D5CEA89002B741A /* examples_21 */ = {
			isa = PBXNativeTarget;
			buildConfigurationList = 5CF85A2A1D5CEA89002B741A /* Build configuration list for PBXNativeTarget "examples_21" */;
			buildPhases = (
				5CF85A111D5CEA89002B741A /* Sources */,
				5CF85A121D5CEA89002B741A /* Frameworks */,
				5CF85A131D5CEA89002B741A /* Resources */,
			);
			buildRules = (
			);
			dependencies = (
			);
			name = examples_21;
			productName = examples_21;
			productReference = 5CF85A151D5CEA89002B741A /* examples_21.app */;
			productType = "com.apple.product-type.application";
		};
/* End PBXNativeTarget section */

/* Begin PBXProject section */
		5CF85A0D1D5CEA89002B741A /* Project object */ = {
			isa = PBXProject;
			attributes = {
				LastSwiftUpdateCheck = 0730;
				LastUpgradeCheck = 0730;
				ORGANIZATIONNAME = "Artem Cherkasov";
				TargetAttributes = {
					5CF85A141D5CEA89002B741A = {
						CreatedOnToolsVersion = 7.3.1;
					};
				};
			};
			buildConfigurationList = 5CF85A101D5CEA89002B741A /* Build configuration list for PBXProject "examples_21" */;
			compatibilityVersion = "Xcode 3.2";
			developmentRegion = English;
			hasScannedForEncodings = 0;
			knownRegions = (
				en,
				Base,
			);
			mainGroup = 5CF85A0C1D5CEA89002B741A;
			productRefGroup = 5CF85A161D5CEA89002B741A /* Products */;
			projectDirPath = "";
			projectRoot = "";
			targets = (
				5CF85A141D5CEA89002B741A /* examples_21 */,
			);
		};
/* End PBXProject section */

/* Begin PBXResourcesBuildPhase section */
		5CF85A131D5CEA89002B741A /* Resources */ = {
			isa = PBXResourcesBuildPhase;
			buildActionMask = 2147483647;
			files = (
				5CF85A261D5CEA89002B741A /* LaunchScreen.storyboard in Resources */,
				5CF85A231D5CEA89002B741A /* Assets.xcassets in Resources */,
				5CF85A1E1D5CEA89002B741A /* Main.storyboard in Resources */,
			);
			runOnlyForDeploymentPostprocessing = 0;
		};
/* End PBXResourcesBuildPhase section */

/* Begin PBXSourcesBuildPhase section */
		5CF85A111D5CEA89002B741A /* Sources */ = {
			isa = PBXSourcesBuildPhase;
			buildActionMask = 2147483647;
			files = (
				5CF85A1B1D5CEA89002B741A /* ViewController.swift in Sources */,
				5CF85A191D5CEA89002B741A /* AppDelegate.swift in Sources */,
				5CF85A211D5CEA89002B741A /* examples_21.xcdatamodeld in Sources */,
			);
			runOnlyForDeploymentPostprocessing = 0;
		};
/* End PBXSourcesBuildPhase section */

/* Begin PBXVariantGroup section */
		5CF85A1C1D5CEA89002B741A /* Main.storyboard */ = {
			isa = PBXVariantGroup;
			children = (
				5CF85A1D1D5CEA89002B741A /* Base */,
			);
			name = Main.storyboard;
			sourceTree = "<group>";
		};
		5CF85A241D5CEA89002B741A /* LaunchScreen.storyboard */ = {
			isa = PBXVariantGroup;
			children = (
				5CF85A251D5CEA89002B741A /* Base */,
			);
			name = LaunchScreen.storyboard;
			sourceTree = "<group>";
		};
/* End PBXVariantGroup section */

/* Begin XCBuildConfiguration section */
		5CF85A281D5CEA89002B741A /* Debug */ = {
			isa = XCBuildConfiguration;
			buildSettings = {
				ALWAYS_SEARCH_USER_PATHS = NO;
				CLANG_ANALYZER_NONNULL = YES;
				CLANG_CXX_LANGUAGE_STANDARD = "gnu++0x";
				CLANG_CXX_LIBRARY = "libc++";
				CLANG_ENABLE_MODULES = YES;
				CLANG_ENABLE_OBJC_ARC = YES;
				CLANG_WARN_BOOL_CONVERSION = YES;
				CLANG_WARN_CONSTANT_CONVERSION = YES;
				CLANG_WARN_DIRECT_OBJC_ISA_USAGE = YES_ERROR;
				CLANG_WARN_EMPTY_BODY = YES;
				CLANG_WARN_ENUM_CONVERSION = YES;
				CLANG_WARN_INT_CONVERSION = YES;
				CLANG_WARN_OBJC_ROOT_CLASS = YES_ERROR;
				CLANG_WARN_UNREACHABLE_CODE = YES;
				CLANG_WARN__DUPLICATE_METHOD_MATCH = YES;
				"CODE_SIGN_IDENTITY[sdk=iphoneos*]" = "iPhone Developer";
				COPY_PHASE_STRIP = NO;
				DEBUG_INFORMATION_FORMAT = dwarf;
				ENABLE_STRICT_OBJC_MSGSEND = YES;
				ENABLE_TESTABILITY = YES;
				GCC_C_LANGUAGE_STANDARD = gnu99;
				GCC_DYNAMIC_NO_PIC = NO;
				GCC_NO_COMMON_BLOCKS = YES;
				GCC_OPTIMIZATION_LEVEL = 0;
				GCC_PREPROCESSOR_DEFINITIONS = (
					"DEBUG=1",
					"$(inherited)",
				);
				GCC_WARN_64_TO_32_BIT_CONVERSION = YES;
				GCC_WARN_ABOUT_RETURN_TYPE = YES_ERROR;
				GCC_WARN_UNDECLARED_SELECTOR = YES;
				GCC_WARN_UNINITIALIZED_AUTOS = YES_AGGRESSIVE;
				GCC_WARN_UNUSED_FUNCTION = YES;
				GCC_WARN_UNUSED_VARIABLE = YES;
				IPHONEOS_DEPLOYMENT_TARGET = 9.3;
				MTL_ENABLE_DEBUG_INFO = YES;
				ONLY_ACTIVE_ARCH = YES;
				SDKROOT = iphoneos;
				SWIFT_OPTIMIZATION_LEVEL = "-Onone";
				TARGETED_DEVICE_FAMILY = "1,2";
			};
			name = Debug;
		};
		5CF85A291D5CEA89002B741A /* Release */ = {
			isa = XCBuildConfiguration;
			buildSettings = {
				ALWAYS_SEARCH_USER_PATHS = NO;
				CLANG_ANALYZER_NONNULL = YES;
				CLANG_CXX_LANGUAGE_STANDARD = "gnu++0x";
				CLANG_CXX_LIBRARY = "libc++";
				CLANG_ENABLE_MODULES = YES;
				CLANG_ENABLE_OBJC_ARC = YES;
				CLANG_WARN_BOOL_CONVERSION = YES;
				CLANG_WARN_CONSTANT_CONVERSION = YES;
				CLANG_WARN_DIRECT_OBJC_ISA_USAGE = YES_ERROR;
				CLANG_WARN_EMPTY_BODY = YES;
				CLANG_WARN_ENUM_CONVERSION = YES;
				CLANG_WARN_INT_CONVERSION = YES;
				CLANG_WARN_OBJC_ROOT_CLASS = YES_ERROR;
				CLANG_WARN_UNREACHABLE_CODE = YES;
				CLANG_WARN__DUPLICATE_METHOD_MATCH = YES;
				"CODE_SIGN_IDENTITY[sdk=iphoneos*]" = "iPhone Developer";
				COPY_PHASE_STRIP = NO;
				DEBUG_INFORMATION_FORMAT = "dwarf-with-dsym";
				ENABLE_NS_ASSERTIONS = NO;
				ENABLE_STRICT_OBJC_MSGSEND = YES;
				GCC_C_LANGUAGE_STANDARD = gnu99;
				GCC_NO_COMMON_BLOCKS = YES;
				GCC_WARN_64_TO_32_BIT_CONVERSION = YES;
				GCC_WARN_ABOUT_RETURN_TYPE = YES_ERROR;
				GCC_WARN_UNDECLARED_SELECTOR = YES;
				GCC_WARN_UNINITIALIZED_AUTOS = YES_AGGRESSIVE;
				GCC_WARN_UNUSED_FUNCTION = YES;
				GCC_WARN_UNUSED_VARIABLE = YES;
				IPHONEOS_DEPLOYMENT_TARGET = 9.3;
				MTL_ENABLE_DEBUG_INFO = NO;
				SDKROOT = iphoneos;
				TARGETED_DEVICE_FAMILY = "1,2";
				VALIDATE_PRODUCT = YES;
			};
			name = Release;
		};
		5CF85A2B1D5CEA89002B741A /* Debug */ = {
			isa = XCBuildConfiguration;
			buildSettings = {
				ASSETCATALOG_COMPILER_APPICON_NAME = AppIcon;
				INFOPLIST_FILE = examples_21/Info.plist;
				LD_RUNPATH_SEARCH_PATHS = "$(inherited) @executable_path/Frameworks";
				PRODUCT_BUNDLE_IDENTIFIER = "mobi.gspd.examples-21";
				PRODUCT_NAME = "$(TARGET_NAME)";
			};
			name = Debug;
		};
		5CF85A2C1D5CEA89002B741A /* Release */ = {
			isa = XCBuildConfiguration;
			buildSettings = {
				ASSETCATALOG_COMPILER_APPICON_NAME = AppIcon;
				INFOPLIST_FILE = examples_21/Info.plist;
				LD_RUNPATH_SEARCH_PATHS = "$(inherited) @executable_path/Frameworks";
				PRODUCT_BUNDLE_IDENTIFIER = "mobi.gspd.examples-21";
				PRODUCT_NAME = "$(TARGET_NAME)";
			};
			name = Release;
		};
/* End XCBuildConfiguration section */

/* Begin XCConfigurationList section */
		5CF85A101D5CEA89002B741A /* Build configuration list for PBXProject "examples_21" */ = {
			isa = XCConfigurationList;
			buildConfigurations = (
				5CF85A281D5CEA89002B741A /* Debug */,
				5CF85A291D5CEA89002B741A /* Release */,
			);
			defaultConfigurationIsVisible = 0;
			defaultConfigurationName = Release;
		};
		5CF85A2A1D5CEA89002B741A /* Build configuration list for PBXNativeTarget "examples_21" */ = {
			isa = XCConfigurationList;
			buildConfigurations = (
				5CF85A2B1D5CEA89002B741A /* Debug */,
				5CF85A2C1D5CEA89002B741A /* Release */,
			);
			defaultConfigurationIsVisible = 0;
		};
/* End XCConfigurationList section */

/* Begin XCVersionGroup section */
		5CF85A1F1D5CEA89002B741A /* examples_21.xcdatamodeld */ = {
			isa = XCVersionGroup;
			children = (
				5CF85A201D5CEA89002B741A /* examples_21.xcdatamodel */,
			);
			currentVersion = 5CF85A201D5CEA89002B741A /* examples_21.xcdatamodel */;
			path = examples_21.xcdatamodeld;
			sourceTree = "<group>";
			versionGroupType = wrapper.xcdatamodel;
		};
/* End XCVersionGroup section */
	};
	rootObject = 5CF85A0D1D5CEA89002B741A /* Project object */;
}
