// !$*UTF8*$!
{
	archiveVersion = 1;
	classes = {
	};
	objectVersion = 46;
	objects = {

/* Begin PBXBuildFile section */
		5C4F25361D6EFB1E00ED963B /* AppDelegate.swift in Sources */ = {isa = PBXBuildFile; fileRef = 5C4F25351D6EFB1E00ED963B /* AppDelegate.swift */; };
		5C4F25381D6EFB1E00ED963B /* MasterViewController.swift in Sources */ = {isa = PBXBuildFile; fileRef = 5C4F25371D6EFB1E00ED963B /* MasterViewController.swift */; };
		5C4F253A1D6EFB1E00ED963B /* DetailViewController.swift in Sources */ = {isa = PBXBuildFile; fileRef = 5C4F25391D6EFB1E00ED963B /* DetailViewController.swift */; };
		5C4F253D1D6EFB1E00ED963B /* Main.storyboard in Resources */ = {isa = PBXBuildFile; fileRef = 5C4F253B1D6EFB1E00ED963B /* Main.storyboard */; };
		5C4F253F1D6EFB1E00ED963B /* Assets.xcassets in Resources */ = {isa = PBXBuildFile; fileRef = 5C4F253E1D6EFB1E00ED963B /* Assets.xcassets */; };
		5C4F25421D6EFB1E00ED963B /* LaunchScreen.storyboard in Resources */ = {isa = PBXBuildFile; fileRef = 5C4F25401D6EFB1E00ED963B /* LaunchScreen.storyboard */; };
/* End PBXBuildFile section */

/* Begin PBXFileReference section */
		5C4F25321D6EFB1E00ED963B /* example_91.app */ = {isa = PBXFileReference; explicitFileType = wrapper.application; includeInIndex = 0; path = example_91.app; sourceTree = BUILT_PRODUCTS_DIR; };
		5C4F25351D6EFB1E00ED963B /* AppDelegate.swift */ = {isa = PBXFileReference; lastKnownFileType = sourcecode.swift; path = AppDelegate.swift; sourceTree = "<group>"; };
		5C4F25371D6EFB1E00ED963B /* MasterViewController.swift */ = {isa = PBXFileReference; lastKnownFileType = sourcecode.swift; path = MasterViewController.swift; sourceTree = "<group>"; };
		5C4F25391D6EFB1E00ED963B /* DetailViewController.swift */ = {isa = PBXFileReference; lastKnownFileType = sourcecode.swift; path = DetailViewController.swift; sourceTree = "<group>"; };
		5C4F253C1D6EFB1E00ED963B /* Base */ = {isa = PBXFileReference; lastKnownFileType = file.storyboard; name = Base; path = Base.lproj/Main.storyboard; sourceTree = "<group>"; };
		5C4F253E1D6EFB1E00ED963B /* Assets.xcassets */ = {isa = PBXFileReference; lastKnownFileType = folder.assetcatalog; path = Assets.xcassets; sourceTree = "<group>"; };
		5C4F25411D6EFB1E00ED963B /* Base */ = {isa = PBXFileReference; lastKnownFileType = file.storyboard; name = Base; path = Base.lproj/LaunchScreen.storyboard; sourceTree = "<group>"; };
		5C4F25431D6EFB1E00ED963B /* Info.plist */ = {isa = PBXFileReference; lastKnownFileType = text.plist.xml; path = Info.plist; sourceTree = "<group>"; };
/* End PBXFileReference section */

/* Begin PBXFrameworksBuildPhase section */
		5C4F252F1D6EFB1E00ED963B /* Frameworks */ = {
			isa = PBXFrameworksBuildPhase;
			buildActionMask = 2147483647;
			files = (
			);
			runOnlyForDeploymentPostprocessing = 0;
		};
/* End PBXFrameworksBuildPhase section */

/* Begin PBXGroup section */
		5C4F25291D6EFB1E00ED963B = {
			isa = PBXGroup;
			children = (
				5C4F25341D6EFB1E00ED963B /* example_91 */,
				5C4F25331D6EFB1E00ED963B /* Products */,
			);
			sourceTree = "<group>";
		};
		5C4F25331D6EFB1E00ED963B /* Products */ = {
			isa = PBXGroup;
			children = (
				5C4F25321D6EFB1E00ED963B /* example_91.app */,
			);
			name = Products;
			sourceTree = "<group>";
		};
		5C4F25341D6EFB1E00ED963B /* example_91 */ = {
			isa = PBXGroup;
			children = (
				5C4F25351D6EFB1E00ED963B /* AppDelegate.swift */,
				5C4F25371D6EFB1E00ED963B /* MasterViewController.swift */,
				5C4F25391D6EFB1E00ED963B /* DetailViewController.swift */,
				5C4F253B1D6EFB1E00ED963B /* Main.storyboard */,
				5C4F253E1D6EFB1E00ED963B /* Assets.xcassets */,
				5C4F25401D6EFB1E00ED963B /* LaunchScreen.storyboard */,
				5C4F25431D6EFB1E00ED963B /* Info.plist */,
			);
			path = example_91;
			sourceTree = "<group>";
		};
/* End PBXGroup section */

/* Begin PBXNativeTarget section */
		5C4F25311D6EFB1E00ED963B /* example_91 */ = {
			isa = PBXNativeTarget;
			buildConfigurationList = 5C4F25461D6EFB1E00ED963B /* Build configuration list for PBXNativeTarget "example_91" */;
			buildPhases = (
				5C4F252E1D6EFB1E00ED963B /* Sources */,
				5C4F252F1D6EFB1E00ED963B /* Frameworks */,
				5C4F25301D6EFB1E00ED963B /* Resources */,
			);
			buildRules = (
			);
			dependencies = (
			);
			name = example_91;
			productName = example_91;
			productReference = 5C4F25321D6EFB1E00ED963B /* example_91.app */;
			productType = "com.apple.product-type.application";
		};
/* End PBXNativeTarget section */

/* Begin PBXProject section */
		5C4F252A1D6EFB1E00ED963B /* Project object */ = {
			isa = PBXProject;
			attributes = {
				LastSwiftUpdateCheck = 0730;
				LastUpgradeCheck = 0730;
				ORGANIZATIONNAME = "Artem Cherkasov";
				TargetAttributes = {
					5C4F25311D6EFB1E00ED963B = {
						CreatedOnToolsVersion = 7.3.1;
					};
				};
			};
			buildConfigurationList = 5C4F252D1D6EFB1E00ED963B /* Build configuration list for PBXProject "example_91" */;
			compatibilityVersion = "Xcode 3.2";
			developmentRegion = English;
			hasScannedForEncodings = 0;
			knownRegions = (
				en,
				Base,
			);
			mainGroup = 5C4F25291D6EFB1E00ED963B;
			productRefGroup = 5C4F25331D6EFB1E00ED963B /* Products */;
			projectDirPath = "";
			projectRoot = "";
			targets = (
				5C4F25311D6EFB1E00ED963B /* example_91 */,
			);
		};
/* End PBXProject section */

/* Begin PBXResourcesBuildPhase section */
		5C4F25301D6EFB1E00ED963B /* Resources */ = {
			isa = PBXResourcesBuildPhase;
			buildActionMask = 2147483647;
			files = (
				5C4F25421D6EFB1E00ED963B /* LaunchScreen.storyboard in Resources */,
				5C4F253F1D6EFB1E00ED963B /* Assets.xcassets in Resources */,
				5C4F253D1D6EFB1E00ED963B /* Main.storyboard in Resources */,
			);
			runOnlyForDeploymentPostprocessing = 0;
		};
/* End PBXResourcesBuildPhase section */

/* Begin PBXSourcesBuildPhase section */
		5C4F252E1D6EFB1E00ED963B /* Sources */ = {
			isa = PBXSourcesBuildPhase;
			buildActionMask = 2147483647;
			files = (
				5C4F253A1D6EFB1E00ED963B /* DetailViewController.swift in Sources */,
				5C4F25381D6EFB1E00ED963B /* MasterViewController.swift in Sources */,
				5C4F25361D6EFB1E00ED963B /* AppDelegate.swift in Sources */,
			);
			runOnlyForDeploymentPostprocessing = 0;
		};
/* End PBXSourcesBuildPhase section */

/* Begin PBXVariantGroup section */
		5C4F253B1D6EFB1E00ED963B /* Main.storyboard */ = {
			isa = PBXVariantGroup;
			children = (
				5C4F253C1D6EFB1E00ED963B /* Base */,
			);
			name = Main.storyboard;
			sourceTree = "<group>";
		};
		5C4F25401D6EFB1E00ED963B /* LaunchScreen.storyboard */ = {
			isa = PBXVariantGroup;
			children = (
				5C4F25411D6EFB1E00ED963B /* Base */,
			);
			name = LaunchScreen.storyboard;
			sourceTree = "<group>";
		};
/* End PBXVariantGroup section */

/* Begin XCBuildConfiguration section */
		5C4F25441D6EFB1E00ED963B /* Debug */ = {
			isa = XCBuildConfiguration;
			buildSettings = {
				ALWAYS_SEARCH_USER_PATHS = NO;
				CLANG_ANALYZER_NONNULL = YES;
				CLANG_CXX_LANGUAGE_STANDARD = "gnu++0x";
				CLANG_CXX_LIBRARY = "libc++";
				CLANG_ENABLE_MODULES = YES;
				CLANG_ENABLE_OBJC_ARC = YES;
				CLANG_WARN_BOOL_CONVERSION = YES;
				CLANG_WARN_CONSTANT_CONVERSION = YES;
				CLANG_WARN_DIRECT_OBJC_ISA_USAGE = YES_ERROR;
				CLANG_WARN_EMPTY_BODY = YES;
				CLANG_WARN_ENUM_CONVERSION = YES;
				CLANG_WARN_INT_CONVERSION = YES;
				CLANG_WARN_OBJC_ROOT_CLASS = YES_ERROR;
				CLANG_WARN_UNREACHABLE_CODE = YES;
				CLANG_WARN__DUPLICATE_METHOD_MATCH = YES;
				"CODE_SIGN_IDENTITY[sdk=iphoneos*]" = "iPhone Developer";
				COPY_PHASE_STRIP = NO;
				DEBUG_INFORMATION_FORMAT = dwarf;
				ENABLE_STRICT_OBJC_MSGSEND = YES;
				ENABLE_TESTABILITY = YES;
				GCC_C_LANGUAGE_STANDARD = gnu99;
				GCC_DYNAMIC_NO_PIC = NO;
				GCC_NO_COMMON_BLOCKS = YES;
				GCC_OPTIMIZATION_LEVEL = 0;
				GCC_PREPROCESSOR_DEFINITIONS = (
					"DEBUG=1",
					"$(inherited)",
				);
				GCC_WARN_64_TO_32_BIT_CONVERSION = YES;
				GCC_WARN_ABOUT_RETURN_TYPE = YES_ERROR;
				GCC_WARN_UNDECLARED_SELECTOR = YES;
				GCC_WARN_UNINITIALIZED_AUTOS = YES_AGGRESSIVE;
				GCC_WARN_UNUSED_FUNCTION = YES;
				GCC_WARN_UNUSED_VARIABLE = YES;
				IPHONEOS_DEPLOYMENT_TARGET = 9.3;
				MTL_ENABLE_DEBUG_INFO = YES;
				ONLY_ACTIVE_ARCH = YES;
				SDKROOT = iphoneos;
				SWIFT_OPTIMIZATION_LEVEL = "-Onone";
				TARGETED_DEVICE_FAMILY = "1,2";
			};
			name = Debug;
		};
		5C4F25451D6EFB1E00ED963B /* Release */ = {
			isa = XCBuildConfiguration;
			buildSettings = {
				ALWAYS_SEARCH_USER_PATHS = NO;
				CLANG_ANALYZER_NONNULL = YES;
				CLANG_CXX_LANGUAGE_STANDARD = "gnu++0x";
				CLANG_CXX_LIBRARY = "libc++";
				CLANG_ENABLE_MODULES = YES;
				CLANG_ENABLE_OBJC_ARC = YES;
				CLANG_WARN_BOOL_CONVERSION = YES;
				CLANG_WARN_CONSTANT_CONVERSION = YES;
				CLANG_WARN_DIRECT_OBJC_ISA_USAGE = YES_ERROR;
				CLANG_WARN_EMPTY_BODY = YES;
				CLANG_WARN_ENUM_CONVERSION = YES;
				CLANG_WARN_INT_CONVERSION = YES;
				CLANG_WARN_OBJC_ROOT_CLASS = YES_ERROR;
				CLANG_WARN_UNREACHABLE_CODE = YES;
				CLANG_WARN__DUPLICATE_METHOD_MATCH = YES;
				"CODE_SIGN_IDENTITY[sdk=iphoneos*]" = "iPhone Developer";
				COPY_PHASE_STRIP = NO;
				DEBUG_INFORMATION_FORMAT = "dwarf-with-dsym";
				ENABLE_NS_ASSERTIONS = NO;
				ENABLE_STRICT_OBJC_MSGSEND = YES;
				GCC_C_LANGUAGE_STANDARD = gnu99;
				GCC_NO_COMMON_BLOCKS = YES;
				GCC_WARN_64_TO_32_BIT_CONVERSION = YES;
				GCC_WARN_ABOUT_RETURN_TYPE = YES_ERROR;
				GCC_WARN_UNDECLARED_SELECTOR = YES;
				GCC_WARN_UNINITIALIZED_AUTOS = YES_AGGRESSIVE;
				GCC_WARN_UNUSED_FUNCTION = YES;
				GCC_WARN_UNUSED_VARIABLE = YES;
				IPHONEOS_DEPLOYMENT_TARGET = 9.3;
				MTL_ENABLE_DEBUG_INFO = NO;
				SDKROOT = iphoneos;
				TARGETED_DEVICE_FAMILY = "1,2";
				VALIDATE_PRODUCT = YES;
			};
			name = Release;
		};
		5C4F25471D6EFB1E00ED963B /* Debug */ = {
			isa = XCBuildConfiguration;
			buildSettings = {
				ASSETCATALOG_COMPILER_APPICON_NAME = AppIcon;
				INFOPLIST_FILE = example_91/Info.plist;
				LD_RUNPATH_SEARCH_PATHS = "$(inherited) @executable_path/Frameworks";
				PRODUCT_BUNDLE_IDENTIFIER = "mobi.gspd.example-91";
				PRODUCT_NAME = "$(TARGET_NAME)";
			};
			name = Debug;
		};
		5C4F25481D6EFB1E00ED963B /* Release */ = {
			isa = XCBuildConfiguration;
			buildSettings = {
				ASSETCATALOG_COMPILER_APPICON_NAME = AppIcon;
				INFOPLIST_FILE = example_91/Info.plist;
				LD_RUNPATH_SEARCH_PATHS = "$(inherited) @executable_path/Frameworks";
				PRODUCT_BUNDLE_IDENTIFIER = "mobi.gspd.example-91";
				PRODUCT_NAME = "$(TARGET_NAME)";
			};
			name = Release;
		};
/* End XCBuildConfiguration section */

/* Begin XCConfigurationList section */
		5C4F252D1D6EFB1E00ED963B /* Build configuration list for PBXProject "example_91" */ = {
			isa = XCConfigurationList;
			buildConfigurations = (
				5C4F25441D6EFB1E00ED963B /* Debug */,
				5C4F25451D6EFB1E00ED963B /* Release */,
			);
			defaultConfigurationIsVisible = 0;
			defaultConfigurationName = Release;
		};
		5C4F25461D6EFB1E00ED963B /* Build configuration list for PBXNativeTarget "example_91" */ = {
			isa = XCConfigurationList;
			buildConfigurations = (
				5C4F25471D6EFB1E00ED963B /* Debug */,
				5C4F25481D6EFB1E00ED963B /* Release */,
			);
			defaultConfigurationIsVisible = 0;
		};
/* End XCConfigurationList section */
	};
	rootObject = 5C4F252A1D6EFB1E00ED963B /* Project object */;
}
