// !$*UTF8*$!
{
	archiveVersion = 1;
	classes = {
	};
	objectVersion = 46;
	objects = {

/* Begin PBXBuildFile section */
		5C5C3CE61D631D81005EC903 /* AppDelegate.swift in Sources */ = {isa = PBXBuildFile; fileRef = 5C5C3CE51D631D81005EC903 /* AppDelegate.swift */; };
		5C5C3CE81D631D81005EC903 /* ViewController.swift in Sources */ = {isa = PBXBuildFile; fileRef = 5C5C3CE71D631D81005EC903 /* ViewController.swift */; };
		5C5C3CEE1D631D81005EC903 /* examples_38.xcdatamodeld in Sources */ = {isa = PBXBuildFile; fileRef = 5C5C3CEC1D631D81005EC903 /* examples_38.xcdatamodeld */; };
		5C5C3CF01D631D81005EC903 /* Assets.xcassets in Resources */ = {isa = PBXBuildFile; fileRef = 5C5C3CEF1D631D81005EC903 /* Assets.xcassets */; };
		5C5C3CF31D631D81005EC903 /* LaunchScreen.storyboard in Resources */ = {isa = PBXBuildFile; fileRef = 5C5C3CF11D631D81005EC903 /* LaunchScreen.storyboard */; };
/* End PBXBuildFile section */

/* Begin PBXFileReference section */
		5C5C3CE21D631D81005EC903 /* examples_38.app */ = {isa = PBXFileReference; explicitFileType = wrapper.application; includeInIndex = 0; path = examples_38.app; sourceTree = BUILT_PRODUCTS_DIR; };
		5C5C3CE51D631D81005EC903 /* AppDelegate.swift */ = {isa = PBXFileReference; lastKnownFileType = sourcecode.swift; path = AppDelegate.swift; sourceTree = "<group>"; };
		5C5C3CE71D631D81005EC903 /* ViewController.swift */ = {isa = PBXFileReference; lastKnownFileType = sourcecode.swift; path = ViewController.swift; sourceTree = "<group>"; };
		5C5C3CED1D631D81005EC903 /* examples_38.xcdatamodel */ = {isa = PBXFileReference; lastKnownFileType = wrapper.xcdatamodel; path = examples_38.xcdatamodel; sourceTree = "<group>"; };
		5C5C3CEF1D631D81005EC903 /* Assets.xcassets */ = {isa = PBXFileReference; lastKnownFileType = folder.assetcatalog; path = Assets.xcassets; sourceTree = "<group>"; };
		5C5C3CF21D631D81005EC903 /* Base */ = {isa = PBXFileReference; lastKnownFileType = file.storyboard; name = Base; path = Base.lproj/LaunchScreen.storyboard; sourceTree = "<group>"; };
		5C5C3CF41D631D81005EC903 /* Info.plist */ = {isa = PBXFileReference; lastKnownFileType = text.plist.xml; path = Info.plist; sourceTree = "<group>"; };
/* End PBXFileReference section */

/* Begin PBXFrameworksBuildPhase section */
		5C5C3CDF1D631D81005EC903 /* Frameworks */ = {
			isa = PBXFrameworksBuildPhase;
			buildActionMask = 2147483647;
			files = (
			);
			runOnlyForDeploymentPostprocessing = 0;
		};
/* End PBXFrameworksBuildPhase section */

/* Begin PBXGroup section */
		5C5C3CD91D631D81005EC903 = {
			isa = PBXGroup;
			children = (
				5C5C3CE41D631D81005EC903 /* examples_38 */,
				5C5C3CE31D631D81005EC903 /* Products */,
			);
			sourceTree = "<group>";
		};
		5C5C3CE31D631D81005EC903 /* Products */ = {
			isa = PBXGroup;
			children = (
				5C5C3CE21D631D81005EC903 /* examples_38.app */,
			);
			name = Products;
			sourceTree = "<group>";
		};
		5C5C3CE41D631D81005EC903 /* examples_38 */ = {
			isa = PBXGroup;
			children = (
				5C5C3CE51D631D81005EC903 /* AppDelegate.swift */,
				5C5C3CE71D631D81005EC903 /* ViewController.swift */,
				5C5C3CEF1D631D81005EC903 /* Assets.xcassets */,
				5C5C3CF11D631D81005EC903 /* LaunchScreen.storyboard */,
				5C5C3CF41D631D81005EC903 /* Info.plist */,
				5C5C3CEC1D631D81005EC903 /* examples_38.xcdatamodeld */,
			);
			path = examples_38;
			sourceTree = "<group>";
		};
/* End PBXGroup section */

/* Begin PBXNativeTarget section */
		5C5C3CE11D631D81005EC903 /* examples_38 */ = {
			isa = PBXNativeTarget;
			buildConfigurationList = 5C5C3CF71D631D81005EC903 /* Build configuration list for PBXNativeTarget "examples_38" */;
			buildPhases = (
				5C5C3CDE1D631D81005EC903 /* Sources */,
				5C5C3CDF1D631D81005EC903 /* Frameworks */,
				5C5C3CE01D631D81005EC903 /* Resources */,
			);
			buildRules = (
			);
			dependencies = (
			);
			name = examples_38;
			productName = examples_38;
			productReference = 5C5C3CE21D631D81005EC903 /* examples_38.app */;
			productType = "com.apple.product-type.application";
		};
/* End PBXNativeTarget section */

/* Begin PBXProject section */
		5C5C3CDA1D631D81005EC903 /* Project object */ = {
			isa = PBXProject;
			attributes = {
				LastSwiftUpdateCheck = 0730;
				LastUpgradeCheck = 0730;
				ORGANIZATIONNAME = "Artem Cherkasov";
				TargetAttributes = {
					5C5C3CE11D631D81005EC903 = {
						CreatedOnToolsVersion = 7.3.1;
					};
				};
			};
			buildConfigurationList = 5C5C3CDD1D631D81005EC903 /* Build configuration list for PBXProject "examples_38" */;
			compatibilityVersion = "Xcode 3.2";
			developmentRegion = English;
			hasScannedForEncodings = 0;
			knownRegions = (
				en,
				Base,
			);
			mainGroup = 5C5C3CD91D631D81005EC903;
			productRefGroup = 5C5C3CE31D631D81005EC903 /* Products */;
			projectDirPath = "";
			projectRoot = "";
			targets = (
				5C5C3CE11D631D81005EC903 /* examples_38 */,
			);
		};
/* End PBXProject section */

/* Begin PBXResourcesBuildPhase section */
		5C5C3CE01D631D81005EC903 /* Resources */ = {
			isa = PBXResourcesBuildPhase;
			buildActionMask = 2147483647;
			files = (
				5C5C3CF31D631D81005EC903 /* LaunchScreen.storyboard in Resources */,
				5C5C3CF01D631D81005EC903 /* Assets.xcassets in Resources */,
			);
			runOnlyForDeploymentPostprocessing = 0;
		};
/* End PBXResourcesBuildPhase section */

/* Begin PBXSourcesBuildPhase section */
		5C5C3CDE1D631D81005EC903 /* Sources */ = {
			isa = PBXSourcesBuildPhase;
			buildActionMask = 2147483647;
			files = (
				5C5C3CEE1D631D81005EC903 /* examples_38.xcdatamodeld in Sources */,
				5C5C3CE81D631D81005EC903 /* ViewController.swift in Sources */,
				5C5C3CE61D631D81005EC903 /* AppDelegate.swift in Sources */,
			);
			runOnlyForDeploymentPostprocessing = 0;
		};
/* End PBXSourcesBuildPhase section */

/* Begin PBXVariantGroup section */
		5C5C3CF11D631D81005EC903 /* LaunchScreen.storyboard */ = {
			isa = PBXVariantGroup;
			children = (
				5C5C3CF21D631D81005EC903 /* Base */,
			);
			name = LaunchScreen.storyboard;
			sourceTree = "<group>";
		};
/* End PBXVariantGroup section */

/* Begin XCBuildConfiguration section */
		5C5C3CF51D631D81005EC903 /* Debug */ = {
			isa = XCBuildConfiguration;
			buildSettings = {
				ALWAYS_SEARCH_USER_PATHS = NO;
				CLANG_ANALYZER_NONNULL = YES;
				CLANG_CXX_LANGUAGE_STANDARD = "gnu++0x";
				CLANG_CXX_LIBRARY = "libc++";
				CLANG_ENABLE_MODULES = YES;
				CLANG_ENABLE_OBJC_ARC = YES;
				CLANG_WARN_BOOL_CONVERSION = YES;
				CLANG_WARN_CONSTANT_CONVERSION = YES;
				CLANG_WARN_DIRECT_OBJC_ISA_USAGE = YES_ERROR;
				CLANG_WARN_EMPTY_BODY = YES;
				CLANG_WARN_ENUM_CONVERSION = YES;
				CLANG_WARN_INT_CONVERSION = YES;
				CLANG_WARN_OBJC_ROOT_CLASS = YES_ERROR;
				CLANG_WARN_UNREACHABLE_CODE = YES;
				CLANG_WARN__DUPLICATE_METHOD_MATCH = YES;
				"CODE_SIGN_IDENTITY[sdk=iphoneos*]" = "iPhone Developer";
				COPY_PHASE_STRIP = NO;
				DEBUG_INFORMATION_FORMAT = dwarf;
				ENABLE_STRICT_OBJC_MSGSEND = YES;
				ENABLE_TESTABILITY = YES;
				GCC_C_LANGUAGE_STANDARD = gnu99;
				GCC_DYNAMIC_NO_PIC = NO;
				GCC_NO_COMMON_BLOCKS = YES;
				GCC_OPTIMIZATION_LEVEL = 0;
				GCC_PREPROCESSOR_DEFINITIONS = (
					"DEBUG=1",
					"$(inherited)",
				);
				GCC_WARN_64_TO_32_BIT_CONVERSION = YES;
				GCC_WARN_ABOUT_RETURN_TYPE = YES_ERROR;
				GCC_WARN_UNDECLARED_SELECTOR = YES;
				GCC_WARN_UNINITIALIZED_AUTOS = YES_AGGRESSIVE;
				GCC_WARN_UNUSED_FUNCTION = YES;
				GCC_WARN_UNUSED_VARIABLE = YES;
				IPHONEOS_DEPLOYMENT_TARGET = 9.3;
				MTL_ENABLE_DEBUG_INFO = YES;
				ONLY_ACTIVE_ARCH = YES;
				SDKROOT = iphoneos;
				SWIFT_OPTIMIZATION_LEVEL = "-Onone";
				TARGETED_DEVICE_FAMILY = "1,2";
			};
			name = Debug;
		};
		5C5C3CF61D631D81005EC903 /* Release */ = {
			isa = XCBuildConfiguration;
			buildSettings = {
				ALWAYS_SEARCH_USER_PATHS = NO;
				CLANG_ANALYZER_NONNULL = YES;
				CLANG_CXX_LANGUAGE_STANDARD = "gnu++0x";
				CLANG_CXX_LIBRARY = "libc++";
				CLANG_ENABLE_MODULES = YES;
				CLANG_ENABLE_OBJC_ARC = YES;
				CLANG_WARN_BOOL_CONVERSION = YES;
				CLANG_WARN_CONSTANT_CONVERSION = YES;
				CLANG_WARN_DIRECT_OBJC_ISA_USAGE = YES_ERROR;
				CLANG_WARN_EMPTY_BODY = YES;
				CLANG_WARN_ENUM_CONVERSION = YES;
				CLANG_WARN_INT_CONVERSION = YES;
				CLANG_WARN_OBJC_ROOT_CLASS = YES_ERROR;
				CLANG_WARN_UNREACHABLE_CODE = YES;
				CLANG_WARN__DUPLICATE_METHOD_MATCH = YES;
				"CODE_SIGN_IDENTITY[sdk=iphoneos*]" = "iPhone Developer";
				COPY_PHASE_STRIP = NO;
				DEBUG_INFORMATION_FORMAT = "dwarf-with-dsym";
				ENABLE_NS_ASSERTIONS = NO;
				ENABLE_STRICT_OBJC_MSGSEND = YES;
				GCC_C_LANGUAGE_STANDARD = gnu99;
				GCC_NO_COMMON_BLOCKS = YES;
				GCC_WARN_64_TO_32_BIT_CONVERSION = YES;
				GCC_WARN_ABOUT_RETURN_TYPE = YES_ERROR;
				GCC_WARN_UNDECLARED_SELECTOR = YES;
				GCC_WARN_UNINITIALIZED_AUTOS = YES_AGGRESSIVE;
				GCC_WARN_UNUSED_FUNCTION = YES;
				GCC_WARN_UNUSED_VARIABLE = YES;
				IPHONEOS_DEPLOYMENT_TARGET = 9.3;
				MTL_ENABLE_DEBUG_INFO = NO;
				SDKROOT = iphoneos;
				TARGETED_DEVICE_FAMILY = "1,2";
				VALIDATE_PRODUCT = YES;
			};
			name = Release;
		};
		5C5C3CF81D631D81005EC903 /* Debug */ = {
			isa = XCBuildConfiguration;
			buildSettings = {
				ASSETCATALOG_COMPILER_APPICON_NAME = AppIcon;
				INFOPLIST_FILE = examples_38/Info.plist;
				LD_RUNPATH_SEARCH_PATHS = "$(inherited) @executable_path/Frameworks";
				PRODUCT_BUNDLE_IDENTIFIER = "mobi.gspd.examples-38";
				PRODUCT_NAME = "$(TARGET_NAME)";
			};
			name = Debug;
		};
		5C5C3CF91D631D81005EC903 /* Release */ = {
			isa = XCBuildConfiguration;
			buildSettings = {
				ASSETCATALOG_COMPILER_APPICON_NAME = AppIcon;
				INFOPLIST_FILE = examples_38/Info.plist;
				LD_RUNPATH_SEARCH_PATHS = "$(inherited) @executable_path/Frameworks";
				PRODUCT_BUNDLE_IDENTIFIER = "mobi.gspd.examples-38";
				PRODUCT_NAME = "$(TARGET_NAME)";
			};
			name = Release;
		};
/* End XCBuildConfiguration section */

/* Begin XCConfigurationList section */
		5C5C3CDD1D631D81005EC903 /* Build configuration list for PBXProject "examples_38" */ = {
			isa = XCConfigurationList;
			buildConfigurations = (
				5C5C3CF51D631D81005EC903 /* Debug */,
				5C5C3CF61D631D81005EC903 /* Release */,
			);
			defaultConfigurationIsVisible = 0;
			defaultConfigurationName = Release;
		};
		5C5C3CF71D631D81005EC903 /* Build configuration list for PBXNativeTarget "examples_38" */ = {
			isa = XCConfigurationList;
			buildConfigurations = (
				5C5C3CF81D631D81005EC903 /* Debug */,
				5C5C3CF91D631D81005EC903 /* Release */,
			);
			defaultConfigurationIsVisible = 0;
		};
/* End XCConfigurationList section */

/* Begin XCVersionGroup section */
		5C5C3CEC1D631D81005EC903 /* examples_38.xcdatamodeld */ = {
			isa = XCVersionGroup;
			children = (
				5C5C3CED1D631D81005EC903 /* examples_38.xcdatamodel */,
			);
			currentVersion = 5C5C3CED1D631D81005EC903 /* examples_38.xcdatamodel */;
			path = examples_38.xcdatamodeld;
			sourceTree = "<group>";
			versionGroupType = wrapper.xcdatamodel;
		};
/* End XCVersionGroup section */
	};
	rootObject = 5C5C3CDA1D631D81005EC903 /* Project object */;
}
