// !$*UTF8*$!
{
	archiveVersion = 1;
	classes = {
	};
	objectVersion = 46;
	objects = {

/* Begin PBXBuildFile section */
		5C77440C1D64A3AB009B63C8 /* AppDelegate.swift in Sources */ = {isa = PBXBuildFile; fileRef = 5C77440B1D64A3AB009B63C8 /* AppDelegate.swift */; };
		5C77440E1D64A3AB009B63C8 /* ViewController.swift in Sources */ = {isa = PBXBuildFile; fileRef = 5C77440D1D64A3AB009B63C8 /* ViewController.swift */; };
		5C7744111D64A3AB009B63C8 /* Main.storyboard in Resources */ = {isa = PBXBuildFile; fileRef = 5C77440F1D64A3AB009B63C8 /* Main.storyboard */; };
		5C7744141D64A3AB009B63C8 /* example_50.xcdatamodeld in Sources */ = {isa = PBXBuildFile; fileRef = 5C7744121D64A3AB009B63C8 /* example_50.xcdatamodeld */; };
		5C7744161D64A3AB009B63C8 /* Assets.xcassets in Resources */ = {isa = PBXBuildFile; fileRef = 5C7744151D64A3AB009B63C8 /* Assets.xcassets */; };
		5C7744191D64A3AB009B63C8 /* LaunchScreen.storyboard in Resources */ = {isa = PBXBuildFile; fileRef = 5C7744171D64A3AB009B63C8 /* LaunchScreen.storyboard */; };
		5C7744211D64A856009B63C8 /* frowney.png in Resources */ = {isa = PBXBuildFile; fileRef = 5C7744201D64A856009B63C8 /* frowney.png */; };
		5C7744231D64BAF9009B63C8 /* SwingView.swift in Sources */ = {isa = PBXBuildFile; fileRef = 5C7744221D64BAF9009B63C8 /* SwingView.swift */; };
		5C7744251D64C1D3009B63C8 /* AnimateView.swift in Sources */ = {isa = PBXBuildFile; fileRef = 5C7744241D64C1D3009B63C8 /* AnimateView.swift */; };
/* End PBXBuildFile section */

/* Begin PBXFileReference section */
		5C7744081D64A3AB009B63C8 /* example_50.app */ = {isa = PBXFileReference; explicitFileType = wrapper.application; includeInIndex = 0; path = example_50.app; sourceTree = BUILT_PRODUCTS_DIR; };
		5C77440B1D64A3AB009B63C8 /* AppDelegate.swift */ = {isa = PBXFileReference; lastKnownFileType = sourcecode.swift; path = AppDelegate.swift; sourceTree = "<group>"; };
		5C77440D1D64A3AB009B63C8 /* ViewController.swift */ = {isa = PBXFileReference; lastKnownFileType = sourcecode.swift; path = ViewController.swift; sourceTree = "<group>"; };
		5C7744101D64A3AB009B63C8 /* Base */ = {isa = PBXFileReference; lastKnownFileType = file.storyboard; name = Base; path = Base.lproj/Main.storyboard; sourceTree = "<group>"; };
		5C7744131D64A3AB009B63C8 /* example_50.xcdatamodel */ = {isa = PBXFileReference; lastKnownFileType = wrapper.xcdatamodel; path = example_50.xcdatamodel; sourceTree = "<group>"; };
		5C7744151D64A3AB009B63C8 /* Assets.xcassets */ = {isa = PBXFileReference; lastKnownFileType = folder.assetcatalog; path = Assets.xcassets; sourceTree = "<group>"; };
		5C7744181D64A3AB009B63C8 /* Base */ = {isa = PBXFileReference; lastKnownFileType = file.storyboard; name = Base; path = Base.lproj/LaunchScreen.storyboard; sourceTree = "<group>"; };
		5C77441A1D64A3AB009B63C8 /* Info.plist */ = {isa = PBXFileReference; lastKnownFileType = text.plist.xml; path = Info.plist; sourceTree = "<group>"; };
		5C7744201D64A856009B63C8 /* frowney.png */ = {isa = PBXFileReference; lastKnownFileType = image.png; path = frowney.png; sourceTree = "<group>"; };
		5C7744221D64BAF9009B63C8 /* SwingView.swift */ = {isa = PBXFileReference; fileEncoding = 4; lastKnownFileType = sourcecode.swift; path = SwingView.swift; sourceTree = "<group>"; };
		5C7744241D64C1D3009B63C8 /* AnimateView.swift */ = {isa = PBXFileReference; fileEncoding = 4; lastKnownFileType = sourcecode.swift; path = AnimateView.swift; sourceTree = "<group>"; };
/* End PBXFileReference section */

/* Begin PBXFrameworksBuildPhase section */
		5C7744051D64A3AB009B63C8 /* Frameworks */ = {
			isa = PBXFrameworksBuildPhase;
			buildActionMask = 2147483647;
			files = (
			);
			runOnlyForDeploymentPostprocessing = 0;
		};
/* End PBXFrameworksBuildPhase section */

/* Begin PBXGroup section */
		5C7743FF1D64A3AB009B63C8 = {
			isa = PBXGroup;
			children = (
				5C77440A1D64A3AB009B63C8 /* example_50 */,
				5C7744091D64A3AB009B63C8 /* Products */,
			);
			sourceTree = "<group>";
		};
		5C7744091D64A3AB009B63C8 /* Products */ = {
			isa = PBXGroup;
			children = (
				5C7744081D64A3AB009B63C8 /* example_50.app */,
			);
			name = Products;
			sourceTree = "<group>";
		};
		5C77440A1D64A3AB009B63C8 /* example_50 */ = {
			isa = PBXGroup;
			children = (
				5C77440B1D64A3AB009B63C8 /* AppDelegate.swift */,
				5C7744201D64A856009B63C8 /* frowney.png */,
				5C77440D1D64A3AB009B63C8 /* ViewController.swift */,
				5C77440F1D64A3AB009B63C8 /* Main.storyboard */,
				5C7744151D64A3AB009B63C8 /* Assets.xcassets */,
				5C7744171D64A3AB009B63C8 /* LaunchScreen.storyboard */,
				5C77441A1D64A3AB009B63C8 /* Info.plist */,
				5C7744121D64A3AB009B63C8 /* example_50.xcdatamodeld */,
				5C7744221D64BAF9009B63C8 /* SwingView.swift */,
				5C7744241D64C1D3009B63C8 /* AnimateView.swift */,
			);
			path = example_50;
			sourceTree = "<group>";
		};
/* End PBXGroup section */

/* Begin PBXNativeTarget section */
		5C7744071D64A3AB009B63C8 /* example_50 */ = {
			isa = PBXNativeTarget;
			buildConfigurationList = 5C77441D1D64A3AB009B63C8 /* Build configuration list for PBXNativeTarget "example_50" */;
			buildPhases = (
				5C7744041D64A3AB009B63C8 /* Sources */,
				5C7744051D64A3AB009B63C8 /* Frameworks */,
				5C7744061D64A3AB009B63C8 /* Resources */,
			);
			buildRules = (
			);
			dependencies = (
			);
			name = example_50;
			productName = example_50;
			productReference = 5C7744081D64A3AB009B63C8 /* example_50.app */;
			productType = "com.apple.product-type.application";
		};
/* End PBXNativeTarget section */

/* Begin PBXProject section */
		5C7744001D64A3AB009B63C8 /* Project object */ = {
			isa = PBXProject;
			attributes = {
				LastSwiftUpdateCheck = 0730;
				LastUpgradeCheck = 0730;
				ORGANIZATIONNAME = "Artem Cherkasov";
				TargetAttributes = {
					5C7744071D64A3AB009B63C8 = {
						CreatedOnToolsVersion = 7.3.1;
					};
				};
			};
			buildConfigurationList = 5C7744031D64A3AB009B63C8 /* Build configuration list for PBXProject "example_50" */;
			compatibilityVersion = "Xcode 3.2";
			developmentRegion = English;
			hasScannedForEncodings = 0;
			knownRegions = (
				en,
				Base,
			);
			mainGroup = 5C7743FF1D64A3AB009B63C8;
			productRefGroup = 5C7744091D64A3AB009B63C8 /* Products */;
			projectDirPath = "";
			projectRoot = "";
			targets = (
				5C7744071D64A3AB009B63C8 /* example_50 */,
			);
		};
/* End PBXProject section */

/* Begin PBXResourcesBuildPhase section */
		5C7744061D64A3AB009B63C8 /* Resources */ = {
			isa = PBXResourcesBuildPhase;
			buildActionMask = 2147483647;
			files = (
				5C7744211D64A856009B63C8 /* frowney.png in Resources */,
				5C7744191D64A3AB009B63C8 /* LaunchScreen.storyboard in Resources */,
				5C7744161D64A3AB009B63C8 /* Assets.xcassets in Resources */,
				5C7744111D64A3AB009B63C8 /* Main.storyboard in Resources */,
			);
			runOnlyForDeploymentPostprocessing = 0;
		};
/* End PBXResourcesBuildPhase section */

/* Begin PBXSourcesBuildPhase section */
		5C7744041D64A3AB009B63C8 /* Sources */ = {
			isa = PBXSourcesBuildPhase;
			buildActionMask = 2147483647;
			files = (
				5C7744141D64A3AB009B63C8 /* example_50.xcdatamodeld in Sources */,
				5C7744231D64BAF9009B63C8 /* SwingView.swift in Sources */,
				5C77440E1D64A3AB009B63C8 /* ViewController.swift in Sources */,
				5C77440C1D64A3AB009B63C8 /* AppDelegate.swift in Sources */,
				5C7744251D64C1D3009B63C8 /* AnimateView.swift in Sources */,
			);
			runOnlyForDeploymentPostprocessing = 0;
		};
/* End PBXSourcesBuildPhase section */

/* Begin PBXVariantGroup section */
		5C77440F1D64A3AB009B63C8 /* Main.storyboard */ = {
			isa = PBXVariantGroup;
			children = (
				5C7744101D64A3AB009B63C8 /* Base */,
			);
			name = Main.storyboard;
			sourceTree = "<group>";
		};
		5C7744171D64A3AB009B63C8 /* LaunchScreen.storyboard */ = {
			isa = PBXVariantGroup;
			children = (
				5C7744181D64A3AB009B63C8 /* Base */,
			);
			name = LaunchScreen.storyboard;
			sourceTree = "<group>";
		};
/* End PBXVariantGroup section */

/* Begin XCBuildConfiguration section */
		5C77441B1D64A3AB009B63C8 /* Debug */ = {
			isa = XCBuildConfiguration;
			buildSettings = {
				ALWAYS_SEARCH_USER_PATHS = NO;
				CLANG_ANALYZER_NONNULL = YES;
				CLANG_CXX_LANGUAGE_STANDARD = "gnu++0x";
				CLANG_CXX_LIBRARY = "libc++";
				CLANG_ENABLE_MODULES = YES;
				CLANG_ENABLE_OBJC_ARC = YES;
				CLANG_WARN_BOOL_CONVERSION = YES;
				CLANG_WARN_CONSTANT_CONVERSION = YES;
				CLANG_WARN_DIRECT_OBJC_ISA_USAGE = YES_ERROR;
				CLANG_WARN_EMPTY_BODY = YES;
				CLANG_WARN_ENUM_CONVERSION = YES;
				CLANG_WARN_INT_CONVERSION = YES;
				CLANG_WARN_OBJC_ROOT_CLASS = YES_ERROR;
				CLANG_WARN_UNREACHABLE_CODE = YES;
				CLANG_WARN__DUPLICATE_METHOD_MATCH = YES;
				"CODE_SIGN_IDENTITY[sdk=iphoneos*]" = "iPhone Developer";
				COPY_PHASE_STRIP = NO;
				DEBUG_INFORMATION_FORMAT = dwarf;
				ENABLE_STRICT_OBJC_MSGSEND = YES;
				ENABLE_TESTABILITY = YES;
				GCC_C_LANGUAGE_STANDARD = gnu99;
				GCC_DYNAMIC_NO_PIC = NO;
				GCC_NO_COMMON_BLOCKS = YES;
				GCC_OPTIMIZATION_LEVEL = 0;
				GCC_PREPROCESSOR_DEFINITIONS = (
					"DEBUG=1",
					"$(inherited)",
				);
				GCC_WARN_64_TO_32_BIT_CONVERSION = YES;
				GCC_WARN_ABOUT_RETURN_TYPE = YES_ERROR;
				GCC_WARN_UNDECLARED_SELECTOR = YES;
				GCC_WARN_UNINITIALIZED_AUTOS = YES_AGGRESSIVE;
				GCC_WARN_UNUSED_FUNCTION = YES;
				GCC_WARN_UNUSED_VARIABLE = YES;
				IPHONEOS_DEPLOYMENT_TARGET = 9.3;
				MTL_ENABLE_DEBUG_INFO = YES;
				ONLY_ACTIVE_ARCH = YES;
				SDKROOT = iphoneos;
				SWIFT_OPTIMIZATION_LEVEL = "-Onone";
				TARGETED_DEVICE_FAMILY = "1,2";
			};
			name = Debug;
		};
		5C77441C1D64A3AB009B63C8 /* Release */ = {
			isa = XCBuildConfiguration;
			buildSettings = {
				ALWAYS_SEARCH_USER_PATHS = NO;
				CLANG_ANALYZER_NONNULL = YES;
				CLANG_CXX_LANGUAGE_STANDARD = "gnu++0x";
				CLANG_CXX_LIBRARY = "libc++";
				CLANG_ENABLE_MODULES = YES;
				CLANG_ENABLE_OBJC_ARC = YES;
				CLANG_WARN_BOOL_CONVERSION = YES;
				CLANG_WARN_CONSTANT_CONVERSION = YES;
				CLANG_WARN_DIRECT_OBJC_ISA_USAGE = YES_ERROR;
				CLANG_WARN_EMPTY_BODY = YES;
				CLANG_WARN_ENUM_CONVERSION = YES;
				CLANG_WARN_INT_CONVERSION = YES;
				CLANG_WARN_OBJC_ROOT_CLASS = YES_ERROR;
				CLANG_WARN_UNREACHABLE_CODE = YES;
				CLANG_WARN__DUPLICATE_METHOD_MATCH = YES;
				"CODE_SIGN_IDENTITY[sdk=iphoneos*]" = "iPhone Developer";
				COPY_PHASE_STRIP = NO;
				DEBUG_INFORMATION_FORMAT = "dwarf-with-dsym";
				ENABLE_NS_ASSERTIONS = NO;
				ENABLE_STRICT_OBJC_MSGSEND = YES;
				GCC_C_LANGUAGE_STANDARD = gnu99;
				GCC_NO_COMMON_BLOCKS = YES;
				GCC_WARN_64_TO_32_BIT_CONVERSION = YES;
				GCC_WARN_ABOUT_RETURN_TYPE = YES_ERROR;
				GCC_WARN_UNDECLARED_SELECTOR = YES;
				GCC_WARN_UNINITIALIZED_AUTOS = YES_AGGRESSIVE;
				GCC_WARN_UNUSED_FUNCTION = YES;
				GCC_WARN_UNUSED_VARIABLE = YES;
				IPHONEOS_DEPLOYMENT_TARGET = 9.3;
				MTL_ENABLE_DEBUG_INFO = NO;
				SDKROOT = iphoneos;
				TARGETED_DEVICE_FAMILY = "1,2";
				VALIDATE_PRODUCT = YES;
			};
			name = Release;
		};
		5C77441E1D64A3AB009B63C8 /* Debug */ = {
			isa = XCBuildConfiguration;
			buildSettings = {
				ASSETCATALOG_COMPILER_APPICON_NAME = AppIcon;
				INFOPLIST_FILE = example_50/Info.plist;
				LD_RUNPATH_SEARCH_PATHS = "$(inherited) @executable_path/Frameworks";
				PRODUCT_BUNDLE_IDENTIFIER = "mobi.gspd.example-50";
				PRODUCT_NAME = "$(TARGET_NAME)";
			};
			name = Debug;
		};
		5C77441F1D64A3AB009B63C8 /* Release */ = {
			isa = XCBuildConfiguration;
			buildSettings = {
				ASSETCATALOG_COMPILER_APPICON_NAME = AppIcon;
				INFOPLIST_FILE = example_50/Info.plist;
				LD_RUNPATH_SEARCH_PATHS = "$(inherited) @executable_path/Frameworks";
				PRODUCT_BUNDLE_IDENTIFIER = "mobi.gspd.example-50";
				PRODUCT_NAME = "$(TARGET_NAME)";
			};
			name = Release;
		};
/* End XCBuildConfiguration section */

/* Begin XCConfigurationList section */
		5C7744031D64A3AB009B63C8 /* Build configuration list for PBXProject "example_50" */ = {
			isa = XCConfigurationList;
			buildConfigurations = (
				5C77441B1D64A3AB009B63C8 /* Debug */,
				5C77441C1D64A3AB009B63C8 /* Release */,
			);
			defaultConfigurationIsVisible = 0;
			defaultConfigurationName = Release;
		};
		5C77441D1D64A3AB009B63C8 /* Build configuration list for PBXNativeTarget "example_50" */ = {
			isa = XCConfigurationList;
			buildConfigurations = (
				5C77441E1D64A3AB009B63C8 /* Debug */,
				5C77441F1D64A3AB009B63C8 /* Release */,
			);
			defaultConfigurationIsVisible = 0;
		};
/* End XCConfigurationList section */

/* Begin XCVersionGroup section */
		5C7744121D64A3AB009B63C8 /* example_50.xcdatamodeld */ = {
			isa = XCVersionGroup;
			children = (
				5C7744131D64A3AB009B63C8 /* example_50.xcdatamodel */,
			);
			currentVersion = 5C7744131D64A3AB009B63C8 /* example_50.xcdatamodel */;
			path = example_50.xcdatamodeld;
			sourceTree = "<group>";
			versionGroupType = wrapper.xcdatamodel;
		};
/* End XCVersionGroup section */
	};
	rootObject = 5C7744001D64A3AB009B63C8 /* Project object */;
}
