// !$*UTF8*$!
{
	archiveVersion = 1;
	classes = {
	};
	objectVersion = 46;
	objects = {

/* Begin PBXBuildFile section */
		5C4F25921D6F169400ED963B /* AppDelegate.swift in Sources */ = {isa = PBXBuildFile; fileRef = 5C4F25911D6F169400ED963B /* AppDelegate.swift */; };
		5C4F25941D6F169400ED963B /* ViewController.swift in Sources */ = {isa = PBXBuildFile; fileRef = 5C4F25931D6F169400ED963B /* ViewController.swift */; };
		5C4F25971D6F169400ED963B /* Main.storyboard in Resources */ = {isa = PBXBuildFile; fileRef = 5C4F25951D6F169400ED963B /* Main.storyboard */; };
		5C4F25991D6F169400ED963B /* Assets.xcassets in Resources */ = {isa = PBXBuildFile; fileRef = 5C4F25981D6F169400ED963B /* Assets.xcassets */; };
		5C4F259C1D6F169400ED963B /* LaunchScreen.storyboard in Resources */ = {isa = PBXBuildFile; fileRef = 5C4F259A1D6F169400ED963B /* LaunchScreen.storyboard */; };
		5C4F25A41D6F1EC300ED963B /* onion.jpg in Resources */ = {isa = PBXBuildFile; fileRef = 5C4F25A31D6F1EC300ED963B /* onion.jpg */; };
		5C4F25A61D6F1ECB00ED963B /* peppers.jpg in Resources */ = {isa = PBXBuildFile; fileRef = 5C4F25A51D6F1ECB00ED963B /* peppers.jpg */; };
/* End PBXBuildFile section */

/* Begin PBXFileReference section */
		5C4F258E1D6F169400ED963B /* example_96.app */ = {isa = PBXFileReference; explicitFileType = wrapper.application; includeInIndex = 0; path = example_96.app; sourceTree = BUILT_PRODUCTS_DIR; };
		5C4F25911D6F169400ED963B /* AppDelegate.swift */ = {isa = PBXFileReference; lastKnownFileType = sourcecode.swift; path = AppDelegate.swift; sourceTree = "<group>"; };
		5C4F25931D6F169400ED963B /* ViewController.swift */ = {isa = PBXFileReference; lastKnownFileType = sourcecode.swift; path = ViewController.swift; sourceTree = "<group>"; };
		5C4F25961D6F169400ED963B /* Base */ = {isa = PBXFileReference; lastKnownFileType = file.storyboard; name = Base; path = Base.lproj/Main.storyboard; sourceTree = "<group>"; };
		5C4F25981D6F169400ED963B /* Assets.xcassets */ = {isa = PBXFileReference; lastKnownFileType = folder.assetcatalog; path = Assets.xcassets; sourceTree = "<group>"; };
		5C4F259B1D6F169400ED963B /* Base */ = {isa = PBXFileReference; lastKnownFileType = file.storyboard; name = Base; path = Base.lproj/LaunchScreen.storyboard; sourceTree = "<group>"; };
		5C4F259D1D6F169400ED963B /* Info.plist */ = {isa = PBXFileReference; lastKnownFileType = text.plist.xml; path = Info.plist; sourceTree = "<group>"; };
		5C4F25A31D6F1EC300ED963B /* onion.jpg */ = {isa = PBXFileReference; lastKnownFileType = image.jpeg; path = onion.jpg; sourceTree = "<group>"; };
		5C4F25A51D6F1ECB00ED963B /* peppers.jpg */ = {isa = PBXFileReference; lastKnownFileType = image.jpeg; path = peppers.jpg; sourceTree = "<group>"; };
/* End PBXFileReference section */

/* Begin PBXFrameworksBuildPhase section */
		5C4F258B1D6F169400ED963B /* Frameworks */ = {
			isa = PBXFrameworksBuildPhase;
			buildActionMask = 2147483647;
			files = (
			);
			runOnlyForDeploymentPostprocessing = 0;
		};
/* End PBXFrameworksBuildPhase section */

/* Begin PBXGroup section */
		5C4F25851D6F169400ED963B = {
			isa = PBXGroup;
			children = (
				5C4F25901D6F169400ED963B /* example_96 */,
				5C4F258F1D6F169400ED963B /* Products */,
			);
			sourceTree = "<group>";
		};
		5C4F258F1D6F169400ED963B /* Products */ = {
			isa = PBXGroup;
			children = (
				5C4F258E1D6F169400ED963B /* example_96.app */,
			);
			name = Products;
			sourceTree = "<group>";
		};
		5C4F25901D6F169400ED963B /* example_96 */ = {
			isa = PBXGroup;
			children = (
				5C4F25A51D6F1ECB00ED963B /* peppers.jpg */,
				5C4F25A31D6F1EC300ED963B /* onion.jpg */,
				5C4F25911D6F169400ED963B /* AppDelegate.swift */,
				5C4F25931D6F169400ED963B /* ViewController.swift */,
				5C4F25951D6F169400ED963B /* Main.storyboard */,
				5C4F25981D6F169400ED963B /* Assets.xcassets */,
				5C4F259A1D6F169400ED963B /* LaunchScreen.storyboard */,
				5C4F259D1D6F169400ED963B /* Info.plist */,
			);
			path = example_96;
			sourceTree = "<group>";
		};
/* End PBXGroup section */

/* Begin PBXNativeTarget section */
		5C4F258D1D6F169400ED963B /* example_96 */ = {
			isa = PBXNativeTarget;
			buildConfigurationList = 5C4F25A01D6F169400ED963B /* Build configuration list for PBXNativeTarget "example_96" */;
			buildPhases = (
				5C4F258A1D6F169400ED963B /* Sources */,
				5C4F258B1D6F169400ED963B /* Frameworks */,
				5C4F258C1D6F169400ED963B /* Resources */,
			);
			buildRules = (
			);
			dependencies = (
			);
			name = example_96;
			productName = example_96;
			productReference = 5C4F258E1D6F169400ED963B /* example_96.app */;
			productType = "com.apple.product-type.application";
		};
/* End PBXNativeTarget section */

/* Begin PBXProject section */
		5C4F25861D6F169400ED963B /* Project object */ = {
			isa = PBXProject;
			attributes = {
				LastSwiftUpdateCheck = 0730;
				LastUpgradeCheck = 0730;
				ORGANIZATIONNAME = "Artem Cherkasov";
				TargetAttributes = {
					5C4F258D1D6F169400ED963B = {
						CreatedOnToolsVersion = 7.3.1;
					};
				};
			};
			buildConfigurationList = 5C4F25891D6F169400ED963B /* Build configuration list for PBXProject "example_96" */;
			compatibilityVersion = "Xcode 3.2";
			developmentRegion = English;
			hasScannedForEncodings = 0;
			knownRegions = (
				en,
				Base,
			);
			mainGroup = 5C4F25851D6F169400ED963B;
			productRefGroup = 5C4F258F1D6F169400ED963B /* Products */;
			projectDirPath = "";
			projectRoot = "";
			targets = (
				5C4F258D1D6F169400ED963B /* example_96 */,
			);
		};
/* End PBXProject section */

/* Begin PBXResourcesBuildPhase section */
		5C4F258C1D6F169400ED963B /* Resources */ = {
			isa = PBXResourcesBuildPhase;
			buildActionMask = 2147483647;
			files = (
				5C4F259C1D6F169400ED963B /* LaunchScreen.storyboard in Resources */,
				5C4F25991D6F169400ED963B /* Assets.xcassets in Resources */,
				5C4F25971D6F169400ED963B /* Main.storyboard in Resources */,
				5C4F25A61D6F1ECB00ED963B /* peppers.jpg in Resources */,
				5C4F25A41D6F1EC300ED963B /* onion.jpg in Resources */,
			);
			runOnlyForDeploymentPostprocessing = 0;
		};
/* End PBXResourcesBuildPhase section */

/* Begin PBXSourcesBuildPhase section */
		5C4F258A1D6F169400ED963B /* Sources */ = {
			isa = PBXSourcesBuildPhase;
			buildActionMask = 2147483647;
			files = (
				5C4F25941D6F169400ED963B /* ViewController.swift in Sources */,
				5C4F25921D6F169400ED963B /* AppDelegate.swift in Sources */,
			);
			runOnlyForDeploymentPostprocessing = 0;
		};
/* End PBXSourcesBuildPhase section */

/* Begin PBXVariantGroup section */
		5C4F25951D6F169400ED963B /* Main.storyboard */ = {
			isa = PBXVariantGroup;
			children = (
				5C4F25961D6F169400ED963B /* Base */,
			);
			name = Main.storyboard;
			sourceTree = "<group>";
		};
		5C4F259A1D6F169400ED963B /* LaunchScreen.storyboard */ = {
			isa = PBXVariantGroup;
			children = (
				5C4F259B1D6F169400ED963B /* Base */,
			);
			name = LaunchScreen.storyboard;
			sourceTree = "<group>";
		};
/* End PBXVariantGroup section */

/* Begin XCBuildConfiguration section */
		5C4F259E1D6F169400ED963B /* Debug */ = {
			isa = XCBuildConfiguration;
			buildSettings = {
				ALWAYS_SEARCH_USER_PATHS = NO;
				CLANG_ANALYZER_NONNULL = YES;
				CLANG_CXX_LANGUAGE_STANDARD = "gnu++0x";
				CLANG_CXX_LIBRARY = "libc++";
				CLANG_ENABLE_MODULES = YES;
				CLANG_ENABLE_OBJC_ARC = YES;
				CLANG_WARN_BOOL_CONVERSION = YES;
				CLANG_WARN_CONSTANT_CONVERSION = YES;
				CLANG_WARN_DIRECT_OBJC_ISA_USAGE = YES_ERROR;
				CLANG_WARN_EMPTY_BODY = YES;
				CLANG_WARN_ENUM_CONVERSION = YES;
				CLANG_WARN_INT_CONVERSION = YES;
				CLANG_WARN_OBJC_ROOT_CLASS = YES_ERROR;
				CLANG_WARN_UNREACHABLE_CODE = YES;
				CLANG_WARN__DUPLICATE_METHOD_MATCH = YES;
				"CODE_SIGN_IDENTITY[sdk=iphoneos*]" = "iPhone Developer";
				COPY_PHASE_STRIP = NO;
				DEBUG_INFORMATION_FORMAT = dwarf;
				ENABLE_STRICT_OBJC_MSGSEND = YES;
				ENABLE_TESTABILITY = YES;
				GCC_C_LANGUAGE_STANDARD = gnu99;
				GCC_DYNAMIC_NO_PIC = NO;
				GCC_NO_COMMON_BLOCKS = YES;
				GCC_OPTIMIZATION_LEVEL = 0;
				GCC_PREPROCESSOR_DEFINITIONS = (
					"DEBUG=1",
					"$(inherited)",
				);
				GCC_WARN_64_TO_32_BIT_CONVERSION = YES;
				GCC_WARN_ABOUT_RETURN_TYPE = YES_ERROR;
				GCC_WARN_UNDECLARED_SELECTOR = YES;
				GCC_WARN_UNINITIALIZED_AUTOS = YES_AGGRESSIVE;
				GCC_WARN_UNUSED_FUNCTION = YES;
				GCC_WARN_UNUSED_VARIABLE = YES;
				IPHONEOS_DEPLOYMENT_TARGET = 9.3;
				MTL_ENABLE_DEBUG_INFO = YES;
				ONLY_ACTIVE_ARCH = YES;
				SDKROOT = iphoneos;
				SWIFT_OPTIMIZATION_LEVEL = "-Onone";
				TARGETED_DEVICE_FAMILY = "1,2";
			};
			name = Debug;
		};
		5C4F259F1D6F169400ED963B /* Release */ = {
			isa = XCBuildConfiguration;
			buildSettings = {
				ALWAYS_SEARCH_USER_PATHS = NO;
				CLANG_ANALYZER_NONNULL = YES;
				CLANG_CXX_LANGUAGE_STANDARD = "gnu++0x";
				CLANG_CXX_LIBRARY = "libc++";
				CLANG_ENABLE_MODULES = YES;
				CLANG_ENABLE_OBJC_ARC = YES;
				CLANG_WARN_BOOL_CONVERSION = YES;
				CLANG_WARN_CONSTANT_CONVERSION = YES;
				CLANG_WARN_DIRECT_OBJC_ISA_USAGE = YES_ERROR;
				CLANG_WARN_EMPTY_BODY = YES;
				CLANG_WARN_ENUM_CONVERSION = YES;
				CLANG_WARN_INT_CONVERSION = YES;
				CLANG_WARN_OBJC_ROOT_CLASS = YES_ERROR;
				CLANG_WARN_UNREACHABLE_CODE = YES;
				CLANG_WARN__DUPLICATE_METHOD_MATCH = YES;
				"CODE_SIGN_IDENTITY[sdk=iphoneos*]" = "iPhone Developer";
				COPY_PHASE_STRIP = NO;
				DEBUG_INFORMATION_FORMAT = "dwarf-with-dsym";
				ENABLE_NS_ASSERTIONS = NO;
				ENABLE_STRICT_OBJC_MSGSEND = YES;
				GCC_C_LANGUAGE_STANDARD = gnu99;
				GCC_NO_COMMON_BLOCKS = YES;
				GCC_WARN_64_TO_32_BIT_CONVERSION = YES;
				GCC_WARN_ABOUT_RETURN_TYPE = YES_ERROR;
				GCC_WARN_UNDECLARED_SELECTOR = YES;
				GCC_WARN_UNINITIALIZED_AUTOS = YES_AGGRESSIVE;
				GCC_WARN_UNUSED_FUNCTION = YES;
				GCC_WARN_UNUSED_VARIABLE = YES;
				IPHONEOS_DEPLOYMENT_TARGET = 9.3;
				MTL_ENABLE_DEBUG_INFO = NO;
				SDKROOT = iphoneos;
				TARGETED_DEVICE_FAMILY = "1,2";
				VALIDATE_PRODUCT = YES;
			};
			name = Release;
		};
		5C4F25A11D6F169400ED963B /* Debug */ = {
			isa = XCBuildConfiguration;
			buildSettings = {
				ASSETCATALOG_COMPILER_APPICON_NAME = AppIcon;
				INFOPLIST_FILE = example_96/Info.plist;
				LD_RUNPATH_SEARCH_PATHS = "$(inherited) @executable_path/Frameworks";
				PRODUCT_BUNDLE_IDENTIFIER = "mobi.gspd.example-96";
				PRODUCT_NAME = "$(TARGET_NAME)";
			};
			name = Debug;
		};
		5C4F25A21D6F169400ED963B /* Release */ = {
			isa = XCBuildConfiguration;
			buildSettings = {
				ASSETCATALOG_COMPILER_APPICON_NAME = AppIcon;
				INFOPLIST_FILE = example_96/Info.plist;
				LD_RUNPATH_SEARCH_PATHS = "$(inherited) @executable_path/Frameworks";
				PRODUCT_BUNDLE_IDENTIFIER = "mobi.gspd.example-96";
				PRODUCT_NAME = "$(TARGET_NAME)";
			};
			name = Release;
		};
/* End XCBuildConfiguration section */

/* Begin XCConfigurationList section */
		5C4F25891D6F169400ED963B /* Build configuration list for PBXProject "example_96" */ = {
			isa = XCConfigurationList;
			buildConfigurations = (
				5C4F259E1D6F169400ED963B /* Debug */,
				5C4F259F1D6F169400ED963B /* Release */,
			);
			defaultConfigurationIsVisible = 0;
			defaultConfigurationName = Release;
		};
		5C4F25A01D6F169400ED963B /* Build configuration list for PBXNativeTarget "example_96" */ = {
			isa = XCConfigurationList;
			buildConfigurations = (
				5C4F25A11D6F169400ED963B /* Debug */,
				5C4F25A21D6F169400ED963B /* Release */,
			);
			defaultConfigurationIsVisible = 0;
		};
/* End XCConfigurationList section */
	};
	rootObject = 5C4F25861D6F169400ED963B /* Project object */;
}
